
Microsoft Visual Studio Solution File, Format Version 12.00
# Visual Studio Version 17
VisualStudioVersion = 17.0.31903.59
MinimumVisualStudioVersion = 10.0.40219.1
Project("{FAE04EC0-301F-11D3-BF4B-00C04F79EFBC}") = "EdTech", "EdTech.csproj", "{C265F05D-5123-4230-9242-0E45CFBBDE79}"
EndProject
Global
	GlobalSection(SolutionConfigurationPlatforms) = preSolution
		Debug|Any CPU = Debug|Any CPU
		Release|Any CPU = Release|Any CPU
	EndGlobalSection
	GlobalSection(ProjectConfigurationPlatforms) = postSolution
		{C265F05D-5123-4230-9242-0E45CFBBDE79}.Debug|Any CPU.ActiveCfg = Debug|Any CPU
		{C265F05D-5123-4230-9242-0E45CFBBDE79}.Debug|Any CPU.Build.0 = Debug|Any CPU
		{C265F05D-5123-4230-9242-0E45CFBBDE79}.Release|Any CPU.ActiveCfg = Release|Any CPU
		{C265F05D-5123-4230-9242-0E45CFBBDE79}.Release|Any CPU.Build.0 = Release|Any CPU
	EndGlobalSection
	GlobalSection(SolutionProperties) = preSolution
		HideSolutionNode = FALSE
	EndGlobalSection
	GlobalSection(ExtensibilityGlobals) = postSolution
		SolutionGuid = {3B83F39B-5767-40E3-8525-5915B3BE7496}
	EndGlobalSection
EndGlobal
